{
  "nodes": {
    "nixpkgs": {
      "locked": {
        "lastModified": 1652792258,
        "narHash": "sha256-gWrDLYnkFYAbKav5iphHskIdrHGF2Xg1pPcS6NRErag=",
        "owner": "NixOS",
        "repo": "nixpkgs",
        "rev": "aac1e42dfbc273b04ada773845fd16210ba90e6a",
        "type": "github"
      },
      "original": {
        "id": "nixpkgs",
        "ref": "master",
        "type": "indirect"
      }
    },
    "root": {
      "inputs": {
        "nixpkgs": "nixpkgs"
      }
    }
  },
  "root": "root",
  "version": 7
}
