{
  "nodes": {
    "nixpkgs": {
      "locked": {
        "lastModified": 1652078902,
        "narHash": "sha256-tgyNP9qkrlpmPJsUxuMrhjHnPJ+uo4Up7EQ+LyRMLMY=",
        "owner": "NixOS",
        "repo": "nixpkgs",
        "rev": "70d761983d22d9394c5f76037b30b45f547412f0",
        "type": "github"
      },
      "original": {
        "id": "nixpkgs",
        "ref": "master",
        "type": "indirect"
      }
    },
    "root": {
      "inputs": {
        "nixpkgs": "nixpkgs"
      }
    }
  },
  "root": "root",
  "version": 7
}
